{
  "version": "5",
  "specifiers": {
    "jsr:@std/assert@*": "1.0.6",
    "jsr:@std/assert@^1.0.6": "1.0.6",
    "jsr:@std/async@^1.0.5": "1.0.6",
    "jsr:@std/data-structures@^1.0.4": "1.0.4",
    "jsr:@std/expect@*": "1.0.5",
    "jsr:@std/internal@^1.0.4": "1.0.4",
    "jsr:@std/testing@*": "1.0.3",
    "npm:@types/node@*": "22.5.4",
    "npm:@types/react@*": "18.3.12",
    "npm:chalk@*": "5.4.1",
    "npm:mobx-react-lite@*": "4.1.1_mobx@6.15.0_react@19.2.0",
    "npm:mobx@*": "6.15.0",
    "npm:react@*": "19.2.0",
    "npm:zod@4": "4.0.10"
  },
  "jsr": {
    "@std/assert@1.0.6": {
      "integrity": "1904c05806a25d94fe791d6d883b685c9e2dcd60e4f9fc30f4fc5cf010c72207",
      "dependencies": [
        "jsr:@std/internal"
      ]
    },
    "@std/async@1.0.6": {
      "integrity": "6d262156dd35c4a72ee1a2f8679be40264f370cfb92e2e13d4eca2ae05e16f34"
    },
    "@std/data-structures@1.0.4": {
      "integrity": "fa0e20c11eb9ba673417450915c750a0001405a784e2a4e0c3725031681684a0"
    },
    "@std/expect@1.0.5": {
      "integrity": "8c7ac797e2ffe57becc6399c0f2fd06230cb9ef124d45229c6e592c563824af1",
      "dependencies": [
        "jsr:@std/assert@^1.0.6",
        "jsr:@std/internal"
      ]
    },
    "@std/internal@1.0.4": {
      "integrity": "62e8e4911527e5e4f307741a795c0b0a9e6958d0b3790716ae71ce085f755422"
    },
    "@std/testing@1.0.3": {
      "integrity": "f98c2bee53860a5916727d7e7d3abe920dd6f9edace022e2d059f00d05c2cf42",
      "dependencies": [
        "jsr:@std/async",
        "jsr:@std/data-structures"
      ]
    }
  },
  "npm": {
    "@types/node@22.5.4": {
      "integrity": "sha512-FDuKUJQm/ju9fT/SeX/6+gBzoPzlVCzfzmGkwKvRHQVxi4BntVbyIwf6a4Xn62mrvndLiml6z/UBXIdEVjQLXg==",
      "dependencies": [
        "undici-types"
      ]
    },
    "@types/prop-types@15.7.13": {
      "integrity": "sha512-hCZTSvwbzWGvhqxp/RqVqwU999pBf2vp7hzIjiYOsl8wqOmUxkQ6ddw1cV3l8811+kdUFus/q4d1Y3E3SyEifA=="
    },
    "@types/react@18.3.12": {
      "integrity": "sha512-D2wOSq/d6Agt28q7rSI3jhU7G6aiuzljDGZ2hTZHIkrTLUI+AF3WMeKkEZ9nN2fkBAlcktT6vcZjDFiIhMYEQw==",
      "dependencies": [
        "@types/prop-types",
        "csstype"
      ]
    },
    "chalk@5.4.1": {
      "integrity": "sha512-zgVZuo2WcZgfUEmsn6eO3kINexW8RAE4maiQ8QNs8CtpPCSyMiYsULR3HQYkm3w8FIA3SberyMJMSldGsW+U3w=="
    },
    "csstype@3.1.3": {
      "integrity": "sha512-M1uQkMl8rQK/szD0LNhtqxIPLpimGm8sOBwU7lLnCpSbTyY3yeU1Vc7l4KT5zT4s/yOxHH5O7tIuuLOCnLADRw=="
    },
    "mobx-react-lite@4.1.1_mobx@6.15.0_react@19.2.0": {
      "integrity": "sha512-iUxiMpsvNraCKXU+yPotsOncNNmyeS2B5DKL+TL6Tar/xm+wwNJAubJmtRSeAoYawdZqwv8Z/+5nPRHeQxTiXg==",
      "dependencies": [
        "mobx",
        "react",
        "use-sync-external-store"
      ]
    },
    "mobx@6.15.0": {
      "integrity": "sha512-UczzB+0nnwGotYSgllfARAqWCJ5e/skuV2K/l+Zyck/H6pJIhLXuBnz+6vn2i211o7DtbE78HQtsYEKICHGI+g=="
    },
    "react@19.2.0": {
      "integrity": "sha512-tmbWg6W31tQLeB5cdIBOicJDJRR2KzXsV7uSK9iNfLWQ5bIZfxuPEHp7M8wiHyHnn0DD1i7w3Zmin0FtkrwoCQ=="
    },
    "undici-types@6.19.8": {
      "integrity": "sha512-ve2KP6f/JnbPBFyobGHuerC9g1FYGn/F8n1LWTwNxCEzd6IfqTwUQcNXgEtmmQ6DlRrC1hrSrBnCZPokRrDHjw=="
    },
    "use-sync-external-store@1.6.0_react@19.2.0": {
      "integrity": "sha512-Pp6GSwGP/NrPIrxVFAIkOQeyw8lFenOHijQWkUTrDvrF4ALqylP2C/KCkeS9dpUM3KvYRQhna5vt7IL95+ZQ9w==",
      "dependencies": [
        "react"
      ]
    },
    "zod@4.0.10": {
      "integrity": "sha512-3vB+UU3/VmLL2lvwcY/4RV2i9z/YU0DTV/tDuYjrwmx5WeJ7hwy+rGEEx8glHp6Yxw7ibRbKSaIFBgReRPe5KA=="
    }
  },
  "workspace": {
    "dependencies": [
      "npm:@types/react@*",
      "npm:chalk@*",
      "npm:mobx-react-lite@*",
      "npm:mobx@*",
      "npm:react@*",
      "npm:zod@4"
    ]
  }
}
